// !$*UTF8*$!
{
	archiveVersion = 1;
	classes = {
	};
	objectVersion = 77;
	objects = {

/* Begin PBXContainerItemProxy section */
		13CA41F72D5374480042934E /* PBXContainerItemProxy */ = {
			isa = PBXContainerItemProxy;
			containerPortal = 13CA41D82D5374470042934E /* Project object */;
			proxyType = 1;
			remoteGlobalIDString = 13CA41DF2D5374470042934E;
			remoteInfo = GHFollowers;
		};
		13CA42012D5374480042934E /* PBXContainerItemProxy */ = {
			isa = PBXContainerItemProxy;
			containerPortal = 13CA41D82D5374470042934E /* Project object */;
			proxyType = 1;
			remoteGlobalIDString = 13CA41DF2D5374470042934E;
			remoteInfo = GHFollowers;
		};
/* End PBXContainerItemProxy section */

/* Begin PBXFileReference section */
		13CA41E02D5374470042934E /* GHFollowers.app */ = {isa = PBXFileReference; explicitFileType = wrapper.application; includeInIndex = 0; path = GHFollowers.app; sourceTree = BUILT_PRODUCTS_DIR; };
		13CA41F62D5374480042934E /* GHFollowersTests.xctest */ = {isa = PBXFileReference; explicitFileType = wrapper.cfbundle; includeInIndex = 0; path = GHFollowersTests.xctest; sourceTree = BUILT_PRODUCTS_DIR; };
		13CA42002D5374480042934E /* GHFollowersUITests.xctest */ = {isa = PBXFileReference; explicitFileType = wrapper.cfbundle; includeInIndex = 0; path = GHFollowersUITests.xctest; sourceTree = BUILT_PRODUCTS_DIR; };
/* End PBXFileReference section */

/* Begin PBXFileSystemSynchronizedBuildFileExceptionSet section */
		13CA42082D5374480042934E /* Exceptions for "GHFollowers" folder in "GHFollowers" target */ = {
			isa = PBXFileSystemSynchronizedBuildFileExceptionSet;
			membershipExceptions = (
				Info.plist,
			);
			target = 13CA41DF2D5374470042934E /* GHFollowers */;
		};
/* End PBXFileSystemSynchronizedBuildFileExceptionSet section */

/* Begin PBXFileSystemSynchronizedRootGroup section */
		13CA41E22D5374470042934E /* GHFollowers */ = {
			isa = PBXFileSystemSynchronizedRootGroup;
			exceptions = (
				13CA42082D5374480042934E /* Exceptions for "GHFollowers" folder in "GHFollowers" target */,
			);
			path = GHFollowers;
			sourceTree = "<group>";
		};
		13CA41F92D5374480042934E /* GHFollowersTests */ = {
			isa = PBXFileSystemSynchronizedRootGroup;
			path = GHFollowersTests;
			sourceTree = "<group>";
		};
		13CA42032D5374480042934E /* GHFollowersUITests */ = {
			isa = PBXFileSystemSynchronizedRootGroup;
			path = GHFollowersUITests;
			sourceTree = "<group>";
		};
/* End PBXFileSystemSynchronizedRootGroup section */

/* Begin PBXFrameworksBuildPhase section */
		13CA41DD2D5374470042934E /* Frameworks */ = {
			isa = PBXFrameworksBuildPhase;
			buildActionMask = 2147483647;
			files = (
			);
			runOnlyForDeploymentPostprocessing = 0;
		};
		13CA41F32D5374480042934E /* Frameworks */ = {
			isa = PBXFrameworksBuildPhase;
			buildActionMask = 2147483647;
			files = (
			);
			runOnlyForDeploymentPostprocessing = 0;
		};
		13CA41FD2D5374480042934E /* Frameworks */ = {
			isa = PBXFrameworksBuildPhase;
			buildActionMask = 2147483647;
			files = (
			);
			runOnlyForDeploymentPostprocessing = 0;
		};
/* End PBXFrameworksBuildPhase section */

/* Begin PBXGroup section */
		13CA41D72D5374470042934E = {
			isa = PBXGroup;
			children = (
				13CA41E22D5374470042934E /* GHFollowers */,
				13CA41F92D5374480042934E /* GHFollowersTests */,
				13CA42032D5374480042934E /* GHFollowersUITests */,
				13CA41E12D5374470042934E /* Products */,
			);
			sourceTree = "<group>";
		};
		13CA41E12D5374470042934E /* Products */ = {
			isa = PBXGroup;
			children = (
				13CA41E02D5374470042934E /* GHFollowers.app */,
				13CA41F62D5374480042934E /* GHFollowersTests.xctest */,
				13CA42002D5374480042934E /* GHFollowersUITests.xctest */,
			);
			name = Products;
			sourceTree = "<group>";
		};
/* End PBXGroup section */

/* Begin PBXNativeTarget section */
		13CA41DF2D5374470042934E /* GHFollowers */ = {
			isa = PBXNativeTarget;
			buildConfigurationList = 13CA42092D5374480042934E /* Build configuration list for PBXNativeTarget "GHFollowers" */;
			buildPhases = (
				13CA41DC2D5374470042934E /* Sources */,
				13CA41DD2D5374470042934E /* Frameworks */,
				13CA41DE2D5374470042934E /* Resources */,
			);
			buildRules = (
			);
			dependencies = (
			);
			fileSystemSynchronizedGroups = (
				13CA41E22D5374470042934E /* GHFollowers */,
			);
			name = GHFollowers;
			packageProductDependencies = (
			);
			productName = GHFollowers;
			productReference = 13CA41E02D5374470042934E /* GHFollowers.app */;
			productType = "com.apple.product-type.application";
		};
		13CA41F52D5374480042934E /* GHFollowersTests */ = {
			isa = PBXNativeTarget;
			buildConfigurationList = 13CA420E2D5374480042934E /* Build configuration list for PBXNativeTarget "GHFollowersTests" */;
			buildPhases = (
				13CA41F22D5374480042934E /* Sources */,
				13CA41F32D5374480042934E /* Frameworks */,
				13CA41F42D5374480042934E /* Resources */,
			);
			buildRules = (
			);
			dependencies = (
				13CA41F82D5374480042934E /* PBXTargetDependency */,
			);
			fileSystemSynchronizedGroups = (
				13CA41F92D5374480042934E /* GHFollowersTests */,
			);
			name = GHFollowersTests;
			packageProductDependencies = (
			);
			productName = GHFollowersTests;
			productReference = 13CA41F62D5374480042934E /* GHFollowersTests.xctest */;
			productType = "com.apple.product-type.bundle.unit-test";
		};
		13CA41FF2D5374480042934E /* GHFollowersUITests */ = {
			isa = PBXNativeTarget;
			buildConfigurationList = 13CA42112D5374480042934E /* Build configuration list for PBXNativeTarget "GHFollowersUITests" */;
			buildPhases = (
				13CA41FC2D5374480042934E /* Sources */,
				13CA41FD2D5374480042934E /* Frameworks */,
				13CA41FE2D5374480042934E /* Resources */,
			);
			buildRules = (
			);
			dependencies = (
				13CA42022D5374480042934E /* PBXTargetDependency */,
			);
			fileSystemSynchronizedGroups = (
				13CA42032D5374480042934E /* GHFollowersUITests */,
			);
			name = GHFollowersUITests;
			packageProductDependencies = (
			);
			productName = GHFollowersUITests;
			productReference = 13CA42002D5374480042934E /* GHFollowersUITests.xctest */;
			productType = "com.apple.product-type.bundle.ui-testing";
		};
/* End PBXNativeTarget section */

/* Begin PBXProject section */
		13CA41D82D5374470042934E /* Project object */ = {
			isa = PBXProject;
			attributes = {
				BuildIndependentTargetsInParallel = 1;
				LastSwiftUpdateCheck = 1620;
				LastUpgradeCheck = 1620;
				TargetAttributes = {
					13CA41DF2D5374470042934E = {
						CreatedOnToolsVersion = 16.2;
					};
					13CA41F52D5374480042934E = {
						CreatedOnToolsVersion = 16.2;
						TestTargetID = 13CA41DF2D5374470042934E;
					};
					13CA41FF2D5374480042934E = {
						CreatedOnToolsVersion = 16.2;
						TestTargetID = 13CA41DF2D5374470042934E;
					};
				};
			};
			buildConfigurationList = 13CA41DB2D5374470042934E /* Build configuration list for PBXProject "GHFollowers" */;
			developmentRegion = en;
			hasScannedForEncodings = 0;
			knownRegions = (
				en,
				Base,
			);
			mainGroup = 13CA41D72D5374470042934E;
			minimizedProjectReferenceProxies = 1;
			preferredProjectObjectVersion = 77;
			productRefGroup = 13CA41E12D5374470042934E /* Products */;
			projectDirPath = "";
			projectRoot = "";
			targets = (
				13CA41DF2D5374470042934E /* GHFollowers */,
				13CA41F52D5374480042934E /* GHFollowersTests */,
				13CA41FF2D5374480042934E /* GHFollowersUITests */,
			);
		};
/* End PBXProject section */

/* Begin PBXResourcesBuildPhase section */
		13CA41DE2D5374470042934E /* Resources */ = {
			isa = PBXResourcesBuildPhase;
			buildActionMask = 2147483647;
			files = (
			);
			runOnlyForDeploymentPostprocessing = 0;
		};
		13CA41F42D5374480042934E /* Resources */ = {
			isa = PBXResourcesBuildPhase;
			buildActionMask = 2147483647;
			files = (
			);
			runOnlyForDeploymentPostprocessing = 0;
		};
		13CA41FE2D5374480042934E /* Resources */ = {
			isa = PBXResourcesBuildPhase;
			buildActionMask = 2147483647;
			files = (
			);
			runOnlyForDeploymentPostprocessing = 0;
		};
/* End PBXResourcesBuildPhase section */

/* Begin PBXSourcesBuildPhase section */
		13CA41DC2D5374470042934E /* Sources */ = {
			isa = PBXSourcesBuildPhase;
			buildActionMask = 2147483647;
			files = (
			);
			runOnlyForDeploymentPostprocessing = 0;
		};
		13CA41F22D5374480042934E /* Sources */ = {
			isa = PBXSourcesBuildPhase;
			buildActionMask = 2147483647;
			files = (
			);
			runOnlyForDeploymentPostprocessing = 0;
		};
		13CA41FC2D5374480042934E /* Sources */ = {
			isa = PBXSourcesBuildPhase;
			buildActionMask = 2147483647;
			files = (
			);
			runOnlyForDeploymentPostprocessing = 0;
		};
/* End PBXSourcesBuildPhase section */

/* Begin PBXTargetDependency section */
		13CA41F82D5374480042934E /* PBXTargetDependency */ = {
			isa = PBXTargetDependency;
			target = 13CA41DF2D5374470042934E /* GHFollowers */;
			targetProxy = 13CA41F72D5374480042934E /* PBXContainerItemProxy */;
		};
		13CA42022D5374480042934E /* PBXTargetDependency */ = {
			isa = PBXTargetDependency;
			target = 13CA41DF2D5374470042934E /* GHFollowers */;
			targetProxy = 13CA42012D5374480042934E /* PBXContainerItemProxy */;
		};
/* End PBXTargetDependency section */

/* Begin XCBuildConfiguration section */
		13CA420A2D5374480042934E /* Debug */ = {
			isa = XCBuildConfiguration;
			buildSettings = {
				ASSETCATALOG_COMPILER_APPICON_NAME = AppIcon;
				ASSETCATALOG_COMPILER_GLOBAL_ACCENT_COLOR_NAME = AccentColor;
				CODE_SIGN_STYLE = Automatic;
				CURRENT_PROJECT_VERSION = 1;
				DEVELOPMENT_TEAM = GHUJM3NP68;
				GENERATE_INFOPLIST_FILE = YES;
				INFOPLIST_FILE = GHFollowers/Info.plist;
				INFOPLIST_KEY_UIApplicationSupportsIndirectInputEvents = YES;
				INFOPLIST_KEY_UILaunchStoryboardName = LaunchScreen;
				INFOPLIST_KEY_UISupportedInterfaceOrientations = UIInterfaceOrientationPortrait;
				INFOPLIST_KEY_UISupportedInterfaceOrientations_iPad = "UIInterfaceOrientationLandscapeLeft UIInterfaceOrientationLandscapeRight UIInterfaceOrientationPortrait UIInterfaceOrientationPortraitUpsideDown";
				IPHONEOS_DEPLOYMENT_TARGET = 15.0;
				LD_RUNPATH_SEARCH_PATHS = (
					"$(inherited)",
					"@executable_path/Frameworks",
				);
				MARKETING_VERSION = 1.0;
				PRODUCT_BUNDLE_IDENTIFIER = io.richie.lee.swe.GHFollowers;
				PRODUCT_NAME = "$(TARGET_NAME)";
				SUPPORTED_PLATFORMS = "iphoneos iphonesimulator";
				SUPPORTS_MACCATALYST = NO;
				SUPPORTS_MAC_DESIGNED_FOR_IPHONE_IPAD = NO;
				SUPPORTS_XR_DESIGNED_FOR_IPHONE_IPAD = NO;
				SWIFT_EMIT_LOC_STRINGS = YES;
				SWIFT_VERSION = 5.0;
				TARGETED_DEVICE_FAMILY = 1;
			};
			name = Debug;
		};
		13CA420B2D5374480042934E /* Release */ = {
			isa = XCBuildConfiguration;
			buildSettings = {
				ASSETCATALOG_COMPILER_APPICON_NAME = AppIcon;
				ASSETCATALOG_COMPILER_GLOBAL_ACCENT_COLOR_NAME = AccentColor;
				CODE_SIGN_STYLE = Automatic;
				CURRENT_PROJECT_VERSION = 1;
				DEVELOPMENT_TEAM = GHUJM3NP68;
				GENERATE_INFOPLIST_FILE = YES;
				INFOPLIST_FILE = GHFollowers/Info.plist;
				INFOPLIST_KEY_UIApplicationSupportsIndirectInputEvents = YES;
				INFOPLIST_KEY_UILaunchStoryboardName = LaunchScreen;
				INFOPLIST_KEY_UISupportedInterfaceOrientations = UIInterfaceOrientationPortrait;
				INFOPLIST_KEY_UISupportedInterfaceOrientations_iPad = "UIInterfaceOrientationLandscapeLeft UIInterfaceOrientationLandscapeRight UIInterfaceOrientationPortrait UIInterfaceOrientationPortraitUpsideDown";
				IPHONEOS_DEPLOYMENT_TARGET = 15.0;
				LD_RUNPATH_SEARCH_PATHS = (
					"$(inherited)",
					"@executable_path/Frameworks",
				);
				MARKETING_VERSION = 1.0;
				PRODUCT_BUNDLE_IDENTIFIER = io.richie.lee.swe.GHFollowers;
				PRODUCT_NAME = "$(TARGET_NAME)";
				SUPPORTED_PLATFORMS = "iphoneos iphonesimulator";
				SUPPORTS_MACCATALYST = NO;
				SUPPORTS_MAC_DESIGNED_FOR_IPHONE_IPAD = NO;
				SUPPORTS_XR_DESIGNED_FOR_IPHONE_IPAD = NO;
				SWIFT_EMIT_LOC_STRINGS = YES;
				SWIFT_VERSION = 5.0;
				TARGETED_DEVICE_FAMILY = 1;
			};
			name = Release;
		};
		13CA420C2D5374480042934E /* Debug */ = {
			isa = XCBuildConfiguration;
			buildSettings = {
				ALWAYS_SEARCH_USER_PATHS = NO;
				ASSETCATALOG_COMPILER_GENERATE_SWIFT_ASSET_SYMBOL_EXTENSIONS = YES;
				CLANG_ANALYZER_NONNULL = YES;
				CLANG_ANALYZER_NUMBER_OBJECT_CONVERSION = YES_AGGRESSIVE;
				CLANG_CXX_LANGUAGE_STANDARD = "gnu++20";
				CLANG_ENABLE_MODULES = YES;
				CLANG_ENABLE_OBJC_ARC = YES;
				CLANG_ENABLE_OBJC_WEAK = YES;
				CLANG_WARN_BLOCK_CAPTURE_AUTORELEASING = YES;
				CLANG_WARN_BOOL_CONVERSION = YES;
				CLANG_WARN_COMMA = YES;
				CLANG_WARN_CONSTANT_CONVERSION = YES;
				CLANG_WARN_DEPRECATED_OBJC_IMPLEMENTATIONS = YES;
				CLANG_WARN_DIRECT_OBJC_ISA_USAGE = YES_ERROR;
				CLANG_WARN_DOCUMENTATION_COMMENTS = YES;
				CLANG_WARN_EMPTY_BODY = YES;
				CLANG_WARN_ENUM_CONVERSION = YES;
				CLANG_WARN_INFINITE_RECURSION = YES;
				CLANG_WARN_INT_CONVERSION = YES;
				CLANG_WARN_NON_LITERAL_NULL_CONVERSION = YES;
				CLANG_WARN_OBJC_IMPLICIT_RETAIN_SELF = YES;
				CLANG_WARN_OBJC_LITERAL_CONVERSION = YES;
				CLANG_WARN_OBJC_ROOT_CLASS = YES_ERROR;
				CLANG_WARN_QUOTED_INCLUDE_IN_FRAMEWORK_HEADER = YES;
				CLANG_WARN_RANGE_LOOP_ANALYSIS = YES;
				CLANG_WARN_STRICT_PROTOTYPES = YES;
				CLANG_WARN_SUSPICIOUS_MOVE = YES;
				CLANG_WARN_UNGUARDED_AVAILABILITY = YES_AGGRESSIVE;
				CLANG_WARN_UNREACHABLE_CODE = YES;
				CLANG_WARN__DUPLICATE_METHOD_MATCH = YES;
				COPY_PHASE_STRIP = NO;
				DEBUG_INFORMATION_FORMAT = dwarf;
				ENABLE_STRICT_OBJC_MSGSEND = YES;
				ENABLE_TESTABILITY = YES;
				ENABLE_USER_SCRIPT_SANDBOXING = YES;
				GCC_C_LANGUAGE_STANDARD = gnu17;
				GCC_DYNAMIC_NO_PIC = NO;
				GCC_NO_COMMON_BLOCKS = YES;
				GCC_OPTIMIZATION_LEVEL = 0;
				GCC_PREPROCESSOR_DEFINITIONS = (
					"DEBUG=1",
					"$(inherited)",
				);
				GCC_WARN_64_TO_32_BIT_CONVERSION = YES;
				GCC_WARN_ABOUT_RETURN_TYPE = YES_ERROR;
				GCC_WARN_UNDECLARED_SELECTOR = YES;
				GCC_WARN_UNINITIALIZED_AUTOS = YES_AGGRESSIVE;
				GCC_WARN_UNUSED_FUNCTION = YES;
				GCC_WARN_UNUSED_VARIABLE = YES;
				IPHONEOS_DEPLOYMENT_TARGET = 18.2;
				LOCALIZATION_PREFERS_STRING_CATALOGS = YES;
				MTL_ENABLE_DEBUG_INFO = INCLUDE_SOURCE;
				MTL_FAST_MATH = YES;
				ONLY_ACTIVE_ARCH = YES;
				SDKROOT = iphoneos;
				SWIFT_ACTIVE_COMPILATION_CONDITIONS = "DEBUG $(inherited)";
				SWIFT_OPTIMIZATION_LEVEL = "-Onone";
			};
			name = Debug;
		};
		13CA420D2D5374480042934E /* Release */ = {
			isa = XCBuildConfiguration;
			buildSettings = {
				ALWAYS_SEARCH_USER_PATHS = NO;
				ASSETCATALOG_COMPILER_GENERATE_SWIFT_ASSET_SYMBOL_EXTENSIONS = YES;
				CLANG_ANALYZER_NONNULL = YES;
				CLANG_ANALYZER_NUMBER_OBJECT_CONVERSION = YES_AGGRESSIVE;
				CLANG_CXX_LANGUAGE_STANDARD = "gnu++20";
				CLANG_ENABLE_MODULES = YES;
				CLANG_ENABLE_OBJC_ARC = YES;
				CLANG_ENABLE_OBJC_WEAK = YES;
				CLANG_WARN_BLOCK_CAPTURE_AUTORELEASING = YES;
				CLANG_WARN_BOOL_CONVERSION = YES;
				CLANG_WARN_COMMA = YES;
				CLANG_WARN_CONSTANT_CONVERSION = YES;
				CLANG_WARN_DEPRECATED_OBJC_IMPLEMENTATIONS = YES;
				CLANG_WARN_DIRECT_OBJC_ISA_USAGE = YES_ERROR;
				CLANG_WARN_DOCUMENTATION_COMMENTS = YES;
				CLANG_WARN_EMPTY_BODY = YES;
				CLANG_WARN_ENUM_CONVERSION = YES;
				CLANG_WARN_INFINITE_RECURSION = YES;
				CLANG_WARN_INT_CONVERSION = YES;
				CLANG_WARN_NON_LITERAL_NULL_CONVERSION = YES;
				CLANG_WARN_OBJC_IMPLICIT_RETAIN_SELF = YES;
				CLANG_WARN_OBJC_LITERAL_CONVERSION = YES;
				CLANG_WARN_OBJC_ROOT_CLASS = YES_ERROR;
				CLANG_WARN_QUOTED_INCLUDE_IN_FRAMEWORK_HEADER = YES;
				CLANG_WARN_RANGE_LOOP_ANALYSIS = YES;
				CLANG_WARN_STRICT_PROTOTYPES = YES;
				CLANG_WARN_SUSPICIOUS_MOVE = YES;
				CLANG_WARN_UNGUARDED_AVAILABILITY = YES_AGGRESSIVE;
				CLANG_WARN_UNREACHABLE_CODE = YES;
				CLANG_WARN__DUPLICATE_METHOD_MATCH = YES;
				COPY_PHASE_STRIP = NO;
				DEBUG_INFORMATION_FORMAT = "dwarf-with-dsym";
				ENABLE_NS_ASSERTIONS = NO;
				ENABLE_STRICT_OBJC_MSGSEND = YES;
				ENABLE_USER_SCRIPT_SANDBOXING = YES;
				GCC_C_LANGUAGE_STANDARD = gnu17;
				GCC_NO_COMMON_BLOCKS = YES;
				GCC_WARN_64_TO_32_BIT_CONVERSION = YES;
				GCC_WARN_ABOUT_RETURN_TYPE = YES_ERROR;
				GCC_WARN_UNDECLARED_SELECTOR = YES;
				GCC_WARN_UNINITIALIZED_AUTOS = YES_AGGRESSIVE;
				GCC_WARN_UNUSED_FUNCTION = YES;
				GCC_WARN_UNUSED_VARIABLE = YES;
				IPHONEOS_DEPLOYMENT_TARGET = 18.2;
				LOCALIZATION_PREFERS_STRING_CATALOGS = YES;
				MTL_ENABLE_DEBUG_INFO = NO;
				MTL_FAST_MATH = YES;
				SDKROOT = iphoneos;
				SWIFT_COMPILATION_MODE = wholemodule;
				VALIDATE_PRODUCT = YES;
			};
			name = Release;
		};
		13CA420F2D5374480042934E /* Debug */ = {
			isa = XCBuildConfiguration;
			buildSettings = {
				BUNDLE_LOADER = "$(TEST_HOST)";
				CODE_SIGN_STYLE = Automatic;
				CURRENT_PROJECT_VERSION = 1;
				DEVELOPMENT_TEAM = GHUJM3NP68;
				GENERATE_INFOPLIST_FILE = YES;
				IPHONEOS_DEPLOYMENT_TARGET = 18.2;
				MARKETING_VERSION = 1.0;
				PRODUCT_BUNDLE_IDENTIFIER = io.richie.lee.swe.GHFollowersTests;
				PRODUCT_NAME = "$(TARGET_NAME)";
				SWIFT_EMIT_LOC_STRINGS = NO;
				SWIFT_VERSION = 5.0;
				TARGETED_DEVICE_FAMILY = "1,2";
				TEST_HOST = "$(BUILT_PRODUCTS_DIR)/GHFollowers.app/$(BUNDLE_EXECUTABLE_FOLDER_PATH)/GHFollowers";
			};
			name = Debug;
		};
		13CA42102D5374480042934E /* Release */ = {
			isa = XCBuildConfiguration;
			buildSettings = {
				BUNDLE_LOADER = "$(TEST_HOST)";
				CODE_SIGN_STYLE = Automatic;
				CURRENT_PROJECT_VERSION = 1;
				DEVELOPMENT_TEAM = GHUJM3NP68;
				GENERATE_INFOPLIST_FILE = YES;
				IPHONEOS_DEPLOYMENT_TARGET = 18.2;
				MARKETING_VERSION = 1.0;
				PRODUCT_BUNDLE_IDENTIFIER = io.richie.lee.swe.GHFollowersTests;
				PRODUCT_NAME = "$(TARGET_NAME)";
				SWIFT_EMIT_LOC_STRINGS = NO;
				SWIFT_VERSION = 5.0;
				TARGETED_DEVICE_FAMILY = "1,2";
				TEST_HOST = "$(BUILT_PRODUCTS_DIR)/GHFollowers.app/$(BUNDLE_EXECUTABLE_FOLDER_PATH)/GHFollowers";
			};
			name = Release;
		};
		13CA42122D5374480042934E /* Debug */ = {
			isa = XCBuildConfiguration;
			buildSettings = {
				CODE_SIGN_STYLE = Automatic;
				CURRENT_PROJECT_VERSION = 1;
				DEVELOPMENT_TEAM = GHUJM3NP68;
				GENERATE_INFOPLIST_FILE = YES;
				MARKETING_VERSION = 1.0;
				PRODUCT_BUNDLE_IDENTIFIER = io.richie.lee.swe.GHFollowersUITests;
				PRODUCT_NAME = "$(TARGET_NAME)";
				SWIFT_EMIT_LOC_STRINGS = NO;
				SWIFT_VERSION = 5.0;
				TARGETED_DEVICE_FAMILY = "1,2";
				TEST_TARGET_NAME = GHFollowers;
			};
			name = Debug;
		};
		13CA42132D5374480042934E /* Release */ = {
			isa = XCBuildConfiguration;
			buildSettings = {
				CODE_SIGN_STYLE = Automatic;
				CURRENT_PROJECT_VERSION = 1;
				DEVELOPMENT_TEAM = GHUJM3NP68;
				GENERATE_INFOPLIST_FILE = YES;
				MARKETING_VERSION = 1.0;
				PRODUCT_BUNDLE_IDENTIFIER = io.richie.lee.swe.GHFollowersUITests;
				PRODUCT_NAME = "$(TARGET_NAME)";
				SWIFT_EMIT_LOC_STRINGS = NO;
				SWIFT_VERSION = 5.0;
				TARGETED_DEVICE_FAMILY = "1,2";
				TEST_TARGET_NAME = GHFollowers;
			};
			name = Release;
		};
/* End XCBuildConfiguration section */

/* Begin XCConfigurationList section */
		13CA41DB2D5374470042934E /* Build configuration list for PBXProject "GHFollowers" */ = {
			isa = XCConfigurationList;
			buildConfigurations = (
				13CA420C2D5374480042934E /* Debug */,
				13CA420D2D5374480042934E /* Release */,
			);
			defaultConfigurationIsVisible = 0;
			defaultConfigurationName = Release;
		};
		13CA42092D5374480042934E /* Build configuration list for PBXNativeTarget "GHFollowers" */ = {
			isa = XCConfigurationList;
			buildConfigurations = (
				13CA420A2D5374480042934E /* Debug */,
				13CA420B2D5374480042934E /* Release */,
			);
			defaultConfigurationIsVisible = 0;
			defaultConfigurationName = Release;
		};
		13CA420E2D5374480042934E /* Build configuration list for PBXNativeTarget "GHFollowersTests" */ = {
			isa = XCConfigurationList;
			buildConfigurations = (
				13CA420F2D5374480042934E /* Debug */,
				13CA42102D5374480042934E /* Release */,
			);
			defaultConfigurationIsVisible = 0;
			defaultConfigurationName = Release;
		};
		13CA42112D5374480042934E /* Build configuration list for PBXNativeTarget "GHFollowersUITests" */ = {
			isa = XCConfigurationList;
			buildConfigurations = (
				13CA42122D5374480042934E /* Debug */,
				13CA42132D5374480042934E /* Release */,
			);
			defaultConfigurationIsVisible = 0;
			defaultConfigurationName = Release;
		};
/* End XCConfigurationList section */
	};
	rootObject = 13CA41D82D5374470042934E /* Project object */;
}
